
Microsoft Visual Studio Solution File, Format Version 12.00
# Visual Studio Version 17
VisualStudioVersion = 17.9.34728.123
MinimumVisualStudioVersion = 10.0.40219.1
Project("{2150E333-8FDC-42A3-9474-1A3956D46DE8}") = "src", "src", "{BEA56A94-46FB-45FB-B394-53E96A198272}"
EndProject
Project("{2150E333-8FDC-42A3-9474-1A3956D46DE8}") = "tests", "tests", "{F1F93627-822A-4919-B316-4109BD5CC536}"
EndProject
Project("{2150E333-8FDC-42A3-9474-1A3956D46DE8}") = "APIs", "APIs", "{9E1F627D-FAFA-4478-A66E-478AC58E460F}"
EndProject
Project("{2150E333-8FDC-42A3-9474-1A3956D46DE8}") = "BuildingBlocks", "BuildingBlocks", "{E1C9EE02-3467-4879-87A5-69EE5680171B}"
EndProject
Project("{2150E333-8FDC-42A3-9474-1A3956D46DE8}") = "Crosscutting", "Crosscutting", "{62A55332-48AE-4AB3-AA0F-8CED1EDBC64F}"
EndProject
Project("{2150E333-8FDC-42A3-9474-1A3956D46DE8}") = "Services", "Services", "{4D05EABC-DDCE-48C2-905F-50CFB7214CF9}"
EndProject
Project("{2150E333-8FDC-42A3-9474-1A3956D46DE8}") = "Driver", "Driver", "{6E68EBED-B856-461E-A2A7-28C70CD2F99B}"
EndProject
Project("{9A19103F-16F7-4668-BE54-9A1E7A4F7556}") = "Driver.API", "src\Driver.API\Driver.API.csproj", "{7C81C9A7-7769-4BD2-9477-15B99E81B2E7}"
EndProject
Project("{9A19103F-16F7-4668-BE54-9A1E7A4F7556}") = "Driver.Domain", "src\Driver.Domain\Driver.Domain.csproj", "{14986E78-4C4E-49CD-93DB-EA683625DC49}"
EndProject
Project("{9A19103F-16F7-4668-BE54-9A1E7A4F7556}") = "Driver.Infrastructure", "src\Driver.Infrastructure\Driver.Infrastructure.csproj", "{E90C6C88-CE03-46FD-919E-6C637DC39856}"
EndProject
Project("{9A19103F-16F7-4668-BE54-9A1E7A4F7556}") = "BuildingBlocks.Infrastructure", "src\BuildingBlocks.Infrastructure\BuildingBlocks.Infrastructure.csproj", "{86499D8E-2C4C-4327-BA85-F512EACD6D83}"
EndProject
Project("{2150E333-8FDC-42A3-9474-1A3956D46DE8}") = "Motorcycle", "Motorcycle", "{09D75F1F-5DF3-42B5-8A4C-6294EEBA8163}"
EndProject
Project("{2150E333-8FDC-42A3-9474-1A3956D46DE8}") = "Leasing", "Leasing", "{DFB1CE3A-349F-42AF-B002-CF30338FFBE0}"
EndProject
Project("{2150E333-8FDC-42A3-9474-1A3956D46DE8}") = "Authentication", "Authentication", "{98816EC0-B27C-491A-BA25-E63321D2C2E7}"
EndProject
Project("{2150E333-8FDC-42A3-9474-1A3956D46DE8}") = "Notification", "Notification", "{3E7CB739-463E-4538-A276-79BD41CAC920}"
EndProject
Project("{9A19103F-16F7-4668-BE54-9A1E7A4F7556}") = "Motorcycle.API", "src\Motorcycle.API\Motorcycle.API.csproj", "{AF0A9420-FAA2-4F1E-B471-C53EF633FD9B}"
EndProject
Project("{9A19103F-16F7-4668-BE54-9A1E7A4F7556}") = "Authentication.API", "src\Authentication.API\Authentication.API.csproj", "{1C6BCEA8-2892-4A5F-BD13-F3AA276B2386}"
EndProject
Project("{9A19103F-16F7-4668-BE54-9A1E7A4F7556}") = "BuildingBlocks.API.Core", "src\BuildingBlocks.API.Core\BuildingBlocks.API.Core.csproj", "{A336B59E-8308-43B0-9755-F209204A68C3}"
EndProject
Project("{9A19103F-16F7-4668-BE54-9A1E7A4F7556}") = "BuildingBlocks.EventSourcing", "src\BuildingBlocks.EventSourcing\BuildingBlocks.EventSourcing.csproj", "{67DA6A80-6E64-4481-BD0B-E749851E8781}"
EndProject
Project("{9A19103F-16F7-4668-BE54-9A1E7A4F7556}") = "BuildingBlocks.Eventbus", "src\BuildingBlocks.Eventbus\BuildingBlocks.Eventbus.csproj", "{06C7A3B4-E0C2-471C-B4C0-629DC86FA091}"
EndProject
Project("{2150E333-8FDC-42A3-9474-1A3956D46DE8}") = "Core", "Core", "{3C99AD81-F09C-4AEA-8EC1-A632C90B705A}"
EndProject
Project("{9A19103F-16F7-4668-BE54-9A1E7A4F7556}") = "Core.API", "src\Core.API\Core.API.csproj", "{78F9D6CC-83D7-4C72-AEB2-2549C4FF8E82}"
EndProject
Project("{9A19103F-16F7-4668-BE54-9A1E7A4F7556}") = "Leasing.API", "src\Leasing.API\Leasing.API.csproj", "{3D9D9B00-F86F-4801-A391-96361BCB4865}"
EndProject
Project("{E53339B2-1760-4266-BCC7-CA923CBCF16C}") = "docker-compose", "docker-compose.dcproj", "{B9FAC73E-BF6C-48CD-84BC-44B1FBFC66FB}"
EndProject
Project("{2150E333-8FDC-42A3-9474-1A3956D46DE8}") = "Portal", "Portal", "{8A4DEA37-55BA-44F1-86B5-4BF522EFE382}"
EndProject
Project("{9A19103F-16F7-4668-BE54-9A1E7A4F7556}") = "Portal.API", "src\Portal.API\Portal.API.csproj", "{EC02083A-3B17-40C6-A4A3-1EC0AF82287E}"
EndProject
Project("{9A19103F-16F7-4668-BE54-9A1E7A4F7556}") = "Crosscutting.DemoDatabaseInitialize", "src\Crosscutting.DemoDatabaseInitialize\Crosscutting.DemoDatabaseInitialize.csproj", "{062E7991-E5C4-4134-8663-6B94C7ECD33A}"
EndProject
Project("{9A19103F-16F7-4668-BE54-9A1E7A4F7556}") = "BuildingBlocks.Security", "src\BuildingBlocks.Security\BuildingBlocks.Security.csproj", "{2F70CCB5-FDE2-4EBD-87FB-BD3C8E101D87}"
EndProject
Project("{9A19103F-16F7-4668-BE54-9A1E7A4F7556}") = "BuildingBlocks.Utils", "src\BuildingBlocks.Utils\BuildingBlocks.Utils.csproj", "{BDA230D0-4383-4622-9478-3B5183AA77D4}"
EndProject
Project("{9A19103F-16F7-4668-BE54-9A1E7A4F7556}") = "BuildingBlocks.Identity", "src\BuildingBlocks.Identity\BuildingBlocks.Identity.csproj", "{869363DF-05A1-4B65-B7F3-803BA4669AD8}"
EndProject
Global
	GlobalSection(SolutionConfigurationPlatforms) = preSolution
		Debug|Any CPU = Debug|Any CPU
		Release|Any CPU = Release|Any CPU
	EndGlobalSection
	GlobalSection(ProjectConfigurationPlatforms) = postSolution
		{7C81C9A7-7769-4BD2-9477-15B99E81B2E7}.Debug|Any CPU.ActiveCfg = Debug|Any CPU
		{7C81C9A7-7769-4BD2-9477-15B99E81B2E7}.Debug|Any CPU.Build.0 = Debug|Any CPU
		{7C81C9A7-7769-4BD2-9477-15B99E81B2E7}.Release|Any CPU.ActiveCfg = Release|Any CPU
		{7C81C9A7-7769-4BD2-9477-15B99E81B2E7}.Release|Any CPU.Build.0 = Release|Any CPU
		{14986E78-4C4E-49CD-93DB-EA683625DC49}.Debug|Any CPU.ActiveCfg = Debug|Any CPU
		{14986E78-4C4E-49CD-93DB-EA683625DC49}.Debug|Any CPU.Build.0 = Debug|Any CPU
		{14986E78-4C4E-49CD-93DB-EA683625DC49}.Release|Any CPU.ActiveCfg = Release|Any CPU
		{14986E78-4C4E-49CD-93DB-EA683625DC49}.Release|Any CPU.Build.0 = Release|Any CPU
		{E90C6C88-CE03-46FD-919E-6C637DC39856}.Debug|Any CPU.ActiveCfg = Debug|Any CPU
		{E90C6C88-CE03-46FD-919E-6C637DC39856}.Debug|Any CPU.Build.0 = Debug|Any CPU
		{E90C6C88-CE03-46FD-919E-6C637DC39856}.Release|Any CPU.ActiveCfg = Release|Any CPU
		{E90C6C88-CE03-46FD-919E-6C637DC39856}.Release|Any CPU.Build.0 = Release|Any CPU
		{86499D8E-2C4C-4327-BA85-F512EACD6D83}.Debug|Any CPU.ActiveCfg = Debug|Any CPU
		{86499D8E-2C4C-4327-BA85-F512EACD6D83}.Debug|Any CPU.Build.0 = Debug|Any CPU
		{86499D8E-2C4C-4327-BA85-F512EACD6D83}.Release|Any CPU.ActiveCfg = Release|Any CPU
		{86499D8E-2C4C-4327-BA85-F512EACD6D83}.Release|Any CPU.Build.0 = Release|Any CPU
		{AF0A9420-FAA2-4F1E-B471-C53EF633FD9B}.Debug|Any CPU.ActiveCfg = Debug|Any CPU
		{AF0A9420-FAA2-4F1E-B471-C53EF633FD9B}.Debug|Any CPU.Build.0 = Debug|Any CPU
		{AF0A9420-FAA2-4F1E-B471-C53EF633FD9B}.Release|Any CPU.ActiveCfg = Release|Any CPU
		{AF0A9420-FAA2-4F1E-B471-C53EF633FD9B}.Release|Any CPU.Build.0 = Release|Any CPU
		{1C6BCEA8-2892-4A5F-BD13-F3AA276B2386}.Debug|Any CPU.ActiveCfg = Debug|Any CPU
		{1C6BCEA8-2892-4A5F-BD13-F3AA276B2386}.Debug|Any CPU.Build.0 = Debug|Any CPU
		{1C6BCEA8-2892-4A5F-BD13-F3AA276B2386}.Release|Any CPU.ActiveCfg = Release|Any CPU
		{1C6BCEA8-2892-4A5F-BD13-F3AA276B2386}.Release|Any CPU.Build.0 = Release|Any CPU
		{A336B59E-8308-43B0-9755-F209204A68C3}.Debug|Any CPU.ActiveCfg = Debug|Any CPU
		{A336B59E-8308-43B0-9755-F209204A68C3}.Debug|Any CPU.Build.0 = Debug|Any CPU
		{A336B59E-8308-43B0-9755-F209204A68C3}.Release|Any CPU.ActiveCfg = Release|Any CPU
		{A336B59E-8308-43B0-9755-F209204A68C3}.Release|Any CPU.Build.0 = Release|Any CPU
		{67DA6A80-6E64-4481-BD0B-E749851E8781}.Debug|Any CPU.ActiveCfg = Debug|Any CPU
		{67DA6A80-6E64-4481-BD0B-E749851E8781}.Debug|Any CPU.Build.0 = Debug|Any CPU
		{67DA6A80-6E64-4481-BD0B-E749851E8781}.Release|Any CPU.ActiveCfg = Release|Any CPU
		{67DA6A80-6E64-4481-BD0B-E749851E8781}.Release|Any CPU.Build.0 = Release|Any CPU
		{06C7A3B4-E0C2-471C-B4C0-629DC86FA091}.Debug|Any CPU.ActiveCfg = Debug|Any CPU
		{06C7A3B4-E0C2-471C-B4C0-629DC86FA091}.Debug|Any CPU.Build.0 = Debug|Any CPU
		{06C7A3B4-E0C2-471C-B4C0-629DC86FA091}.Release|Any CPU.ActiveCfg = Release|Any CPU
		{06C7A3B4-E0C2-471C-B4C0-629DC86FA091}.Release|Any CPU.Build.0 = Release|Any CPU
		{78F9D6CC-83D7-4C72-AEB2-2549C4FF8E82}.Debug|Any CPU.ActiveCfg = Debug|Any CPU
		{78F9D6CC-83D7-4C72-AEB2-2549C4FF8E82}.Debug|Any CPU.Build.0 = Debug|Any CPU
		{78F9D6CC-83D7-4C72-AEB2-2549C4FF8E82}.Release|Any CPU.ActiveCfg = Release|Any CPU
		{78F9D6CC-83D7-4C72-AEB2-2549C4FF8E82}.Release|Any CPU.Build.0 = Release|Any CPU
		{3D9D9B00-F86F-4801-A391-96361BCB4865}.Debug|Any CPU.ActiveCfg = Debug|Any CPU
		{3D9D9B00-F86F-4801-A391-96361BCB4865}.Debug|Any CPU.Build.0 = Debug|Any CPU
		{3D9D9B00-F86F-4801-A391-96361BCB4865}.Release|Any CPU.ActiveCfg = Release|Any CPU
		{3D9D9B00-F86F-4801-A391-96361BCB4865}.Release|Any CPU.Build.0 = Release|Any CPU
		{B9FAC73E-BF6C-48CD-84BC-44B1FBFC66FB}.Debug|Any CPU.ActiveCfg = Debug|Any CPU
		{B9FAC73E-BF6C-48CD-84BC-44B1FBFC66FB}.Debug|Any CPU.Build.0 = Debug|Any CPU
		{B9FAC73E-BF6C-48CD-84BC-44B1FBFC66FB}.Release|Any CPU.ActiveCfg = Release|Any CPU
		{B9FAC73E-BF6C-48CD-84BC-44B1FBFC66FB}.Release|Any CPU.Build.0 = Release|Any CPU
		{EC02083A-3B17-40C6-A4A3-1EC0AF82287E}.Debug|Any CPU.ActiveCfg = Debug|Any CPU
		{EC02083A-3B17-40C6-A4A3-1EC0AF82287E}.Debug|Any CPU.Build.0 = Debug|Any CPU
		{EC02083A-3B17-40C6-A4A3-1EC0AF82287E}.Release|Any CPU.ActiveCfg = Release|Any CPU
		{EC02083A-3B17-40C6-A4A3-1EC0AF82287E}.Release|Any CPU.Build.0 = Release|Any CPU
		{062E7991-E5C4-4134-8663-6B94C7ECD33A}.Debug|Any CPU.ActiveCfg = Debug|Any CPU
		{062E7991-E5C4-4134-8663-6B94C7ECD33A}.Debug|Any CPU.Build.0 = Debug|Any CPU
		{062E7991-E5C4-4134-8663-6B94C7ECD33A}.Release|Any CPU.ActiveCfg = Release|Any CPU
		{062E7991-E5C4-4134-8663-6B94C7ECD33A}.Release|Any CPU.Build.0 = Release|Any CPU
		{2F70CCB5-FDE2-4EBD-87FB-BD3C8E101D87}.Debug|Any CPU.ActiveCfg = Debug|Any CPU
		{2F70CCB5-FDE2-4EBD-87FB-BD3C8E101D87}.Debug|Any CPU.Build.0 = Debug|Any CPU
		{2F70CCB5-FDE2-4EBD-87FB-BD3C8E101D87}.Release|Any CPU.ActiveCfg = Release|Any CPU
		{2F70CCB5-FDE2-4EBD-87FB-BD3C8E101D87}.Release|Any CPU.Build.0 = Release|Any CPU
		{BDA230D0-4383-4622-9478-3B5183AA77D4}.Debug|Any CPU.ActiveCfg = Debug|Any CPU
		{BDA230D0-4383-4622-9478-3B5183AA77D4}.Debug|Any CPU.Build.0 = Debug|Any CPU
		{BDA230D0-4383-4622-9478-3B5183AA77D4}.Release|Any CPU.ActiveCfg = Release|Any CPU
		{BDA230D0-4383-4622-9478-3B5183AA77D4}.Release|Any CPU.Build.0 = Release|Any CPU
		{869363DF-05A1-4B65-B7F3-803BA4669AD8}.Debug|Any CPU.ActiveCfg = Debug|Any CPU
		{869363DF-05A1-4B65-B7F3-803BA4669AD8}.Debug|Any CPU.Build.0 = Debug|Any CPU
		{869363DF-05A1-4B65-B7F3-803BA4669AD8}.Release|Any CPU.ActiveCfg = Release|Any CPU
		{869363DF-05A1-4B65-B7F3-803BA4669AD8}.Release|Any CPU.Build.0 = Release|Any CPU
	EndGlobalSection
	GlobalSection(SolutionProperties) = preSolution
		HideSolutionNode = FALSE
	EndGlobalSection
	GlobalSection(NestedProjects) = preSolution
		{9E1F627D-FAFA-4478-A66E-478AC58E460F} = {BEA56A94-46FB-45FB-B394-53E96A198272}
		{E1C9EE02-3467-4879-87A5-69EE5680171B} = {BEA56A94-46FB-45FB-B394-53E96A198272}
		{62A55332-48AE-4AB3-AA0F-8CED1EDBC64F} = {BEA56A94-46FB-45FB-B394-53E96A198272}
		{4D05EABC-DDCE-48C2-905F-50CFB7214CF9} = {BEA56A94-46FB-45FB-B394-53E96A198272}
		{6E68EBED-B856-461E-A2A7-28C70CD2F99B} = {9E1F627D-FAFA-4478-A66E-478AC58E460F}
		{7C81C9A7-7769-4BD2-9477-15B99E81B2E7} = {6E68EBED-B856-461E-A2A7-28C70CD2F99B}
		{14986E78-4C4E-49CD-93DB-EA683625DC49} = {6E68EBED-B856-461E-A2A7-28C70CD2F99B}
		{E90C6C88-CE03-46FD-919E-6C637DC39856} = {6E68EBED-B856-461E-A2A7-28C70CD2F99B}
		{86499D8E-2C4C-4327-BA85-F512EACD6D83} = {E1C9EE02-3467-4879-87A5-69EE5680171B}
		{09D75F1F-5DF3-42B5-8A4C-6294EEBA8163} = {9E1F627D-FAFA-4478-A66E-478AC58E460F}
		{DFB1CE3A-349F-42AF-B002-CF30338FFBE0} = {9E1F627D-FAFA-4478-A66E-478AC58E460F}
		{98816EC0-B27C-491A-BA25-E63321D2C2E7} = {9E1F627D-FAFA-4478-A66E-478AC58E460F}
		{3E7CB739-463E-4538-A276-79BD41CAC920} = {9E1F627D-FAFA-4478-A66E-478AC58E460F}
		{AF0A9420-FAA2-4F1E-B471-C53EF633FD9B} = {09D75F1F-5DF3-42B5-8A4C-6294EEBA8163}
		{1C6BCEA8-2892-4A5F-BD13-F3AA276B2386} = {98816EC0-B27C-491A-BA25-E63321D2C2E7}
		{A336B59E-8308-43B0-9755-F209204A68C3} = {E1C9EE02-3467-4879-87A5-69EE5680171B}
		{67DA6A80-6E64-4481-BD0B-E749851E8781} = {E1C9EE02-3467-4879-87A5-69EE5680171B}
		{06C7A3B4-E0C2-471C-B4C0-629DC86FA091} = {E1C9EE02-3467-4879-87A5-69EE5680171B}
		{3C99AD81-F09C-4AEA-8EC1-A632C90B705A} = {9E1F627D-FAFA-4478-A66E-478AC58E460F}
		{78F9D6CC-83D7-4C72-AEB2-2549C4FF8E82} = {3C99AD81-F09C-4AEA-8EC1-A632C90B705A}
		{3D9D9B00-F86F-4801-A391-96361BCB4865} = {DFB1CE3A-349F-42AF-B002-CF30338FFBE0}
		{8A4DEA37-55BA-44F1-86B5-4BF522EFE382} = {9E1F627D-FAFA-4478-A66E-478AC58E460F}
		{EC02083A-3B17-40C6-A4A3-1EC0AF82287E} = {8A4DEA37-55BA-44F1-86B5-4BF522EFE382}
		{062E7991-E5C4-4134-8663-6B94C7ECD33A} = {62A55332-48AE-4AB3-AA0F-8CED1EDBC64F}
		{2F70CCB5-FDE2-4EBD-87FB-BD3C8E101D87} = {E1C9EE02-3467-4879-87A5-69EE5680171B}
		{BDA230D0-4383-4622-9478-3B5183AA77D4} = {E1C9EE02-3467-4879-87A5-69EE5680171B}
		{869363DF-05A1-4B65-B7F3-803BA4669AD8} = {E1C9EE02-3467-4879-87A5-69EE5680171B}
	EndGlobalSection
	GlobalSection(ExtensibilityGlobals) = postSolution
		SolutionGuid = {45E9873A-6D04-46BD-9631-9E49CC323C6D}
	EndGlobalSection
EndGlobal
