
Microsoft Visual Studio Solution File, Format Version 12.00
# Visual Studio Version 17
VisualStudioVersion = 17.9.34728.123
MinimumVisualStudioVersion = 10.0.40219.1
Project("{2150E333-8FDC-42A3-9474-1A3956D46DE8}") = "src", "src", "{BEA56A94-46FB-45FB-B394-53E96A198272}"
EndProject
Project("{2150E333-8FDC-42A3-9474-1A3956D46DE8}") = "tests", "tests", "{F1F93627-822A-4919-B316-4109BD5CC536}"
EndProject
Project("{2150E333-8FDC-42A3-9474-1A3956D46DE8}") = "APIs", "APIs", "{9E1F627D-FAFA-4478-A66E-478AC58E460F}"
EndProject
Project("{2150E333-8FDC-42A3-9474-1A3956D46DE8}") = "BuildingBlocks", "BuildingBlocks", "{E1C9EE02-3467-4879-87A5-69EE5680171B}"
EndProject
Project("{2150E333-8FDC-42A3-9474-1A3956D46DE8}") = "Crosscutting", "Crosscutting", "{62A55332-48AE-4AB3-AA0F-8CED1EDBC64F}"
EndProject
Project("{2150E333-8FDC-42A3-9474-1A3956D46DE8}") = "Services", "Services", "{4D05EABC-DDCE-48C2-905F-50CFB7214CF9}"
EndProject
Project("{9A19103F-16F7-4668-BE54-9A1E7A4F7556}") = "BuildingBlocks.Infrastructure", "src\BuildingBlocks.Infrastructure\BuildingBlocks.Infrastructure.csproj", "{86499D8E-2C4C-4327-BA85-F512EACD6D83}"
EndProject
Project("{2150E333-8FDC-42A3-9474-1A3956D46DE8}") = "Authentication", "Authentication", "{98816EC0-B27C-491A-BA25-E63321D2C2E7}"
EndProject
Project("{2150E333-8FDC-42A3-9474-1A3956D46DE8}") = "Notification", "Notification", "{3E7CB739-463E-4538-A276-79BD41CAC920}"
EndProject
Project("{9A19103F-16F7-4668-BE54-9A1E7A4F7556}") = "Authentication.API", "src\Authentication.API\Authentication.API.csproj", "{1C6BCEA8-2892-4A5F-BD13-F3AA276B2386}"
EndProject
Project("{9A19103F-16F7-4668-BE54-9A1E7A4F7556}") = "BuildingBlocks.API.Core", "src\BuildingBlocks.API.Core\BuildingBlocks.API.Core.csproj", "{A336B59E-8308-43B0-9755-F209204A68C3}"
EndProject
Project("{9A19103F-16F7-4668-BE54-9A1E7A4F7556}") = "BuildingBlocks.EventSourcing", "src\BuildingBlocks.EventSourcing\BuildingBlocks.EventSourcing.csproj", "{67DA6A80-6E64-4481-BD0B-E749851E8781}"
EndProject
Project("{9A19103F-16F7-4668-BE54-9A1E7A4F7556}") = "BuildingBlocks.Eventbus", "src\BuildingBlocks.Eventbus\BuildingBlocks.Eventbus.csproj", "{06C7A3B4-E0C2-471C-B4C0-629DC86FA091}"
EndProject
Project("{2150E333-8FDC-42A3-9474-1A3956D46DE8}") = "Core", "Core", "{3C99AD81-F09C-4AEA-8EC1-A632C90B705A}"
EndProject
Project("{9A19103F-16F7-4668-BE54-9A1E7A4F7556}") = "Core.API", "src\Core.API\Core.API.csproj", "{78F9D6CC-83D7-4C72-AEB2-2549C4FF8E82}"
EndProject
Project("{E53339B2-1760-4266-BCC7-CA923CBCF16C}") = "docker-compose", "docker-compose.dcproj", "{B9FAC73E-BF6C-48CD-84BC-44B1FBFC66FB}"
EndProject
Project("{2150E333-8FDC-42A3-9474-1A3956D46DE8}") = "Portal", "Portal", "{8A4DEA37-55BA-44F1-86B5-4BF522EFE382}"
EndProject
Project("{9A19103F-16F7-4668-BE54-9A1E7A4F7556}") = "Portal.API", "src\Portal.API\Portal.API.csproj", "{EC02083A-3B17-40C6-A4A3-1EC0AF82287E}"
EndProject
Project("{9A19103F-16F7-4668-BE54-9A1E7A4F7556}") = "BuildingBlocks.Security", "src\BuildingBlocks.Security\BuildingBlocks.Security.csproj", "{2F70CCB5-FDE2-4EBD-87FB-BD3C8E101D87}"
EndProject
Project("{9A19103F-16F7-4668-BE54-9A1E7A4F7556}") = "BuildingBlocks.Utils", "src\BuildingBlocks.Utils\BuildingBlocks.Utils.csproj", "{BDA230D0-4383-4622-9478-3B5183AA77D4}"
EndProject
Project("{9A19103F-16F7-4668-BE54-9A1E7A4F7556}") = "BuildingBlocks.Identity", "src\BuildingBlocks.Identity\BuildingBlocks.Identity.csproj", "{869363DF-05A1-4B65-B7F3-803BA4669AD8}"
EndProject
Project("{9A19103F-16F7-4668-BE54-9A1E7A4F7556}") = "Crosscutting.EventBus.RabbitMq", "src\Crosscutting.EventBus.RabbitMq\Crosscutting.EventBus.RabbitMq.csproj", "{FBFF8D1F-197D-454B-B310-3401FE9CDAD3}"
EndProject
Project("{2150E333-8FDC-42A3-9474-1A3956D46DE8}") = "Worker", "Worker", "{6856CBF9-6FB2-4DD1-A5F0-1DFFB331D467}"
EndProject
Project("{9A19103F-16F7-4668-BE54-9A1E7A4F7556}") = "Worker.Api", "src\Worker.Api\Worker.Api.csproj", "{077A4B59-9A07-4899-A528-426825D828A5}"
EndProject
Project("{9A19103F-16F7-4668-BE54-9A1E7A4F7556}") = "Core.Domain", "src\Core.Domain\Core.Domain.csproj", "{B632EA97-623B-457D-B266-6375E7C2F13C}"
EndProject
Project("{9A19103F-16F7-4668-BE54-9A1E7A4F7556}") = "Core.Application", "src\Core.Application\Core.Application.csproj", "{69DF3D1B-4D78-4AFF-8CB0-7B58E84C63A0}"
EndProject
Project("{9A19103F-16F7-4668-BE54-9A1E7A4F7556}") = "Core.Infraestructure", "src\Core.Infraestructure\Core.Infraestructure.csproj", "{D7CDF3EC-F90B-4E89-8893-8C89368C39D1}"
EndProject
Project("{9A19103F-16F7-4668-BE54-9A1E7A4F7556}") = "Crosscutting.EventStore.Postgres", "src\Crosscutting.EventStore.Postgres\Crosscutting.EventStore.Postgres.csproj", "{B41585AE-5E10-4921-B326-401BAE0DC15C}"
EndProject
Project("{FAE04EC0-301F-11D3-BF4B-00C04F79EFBC}") = "Crosscutting.Mail", "src\Crosscutting.Mail\Crosscutting.Mail.csproj", "{4B1B1F13-547F-4B06-81F2-558FB08450D7}"
EndProject
Global
	GlobalSection(SolutionConfigurationPlatforms) = preSolution
		Debug|Any CPU = Debug|Any CPU
		Release|Any CPU = Release|Any CPU
	EndGlobalSection
	GlobalSection(ProjectConfigurationPlatforms) = postSolution
		{86499D8E-2C4C-4327-BA85-F512EACD6D83}.Debug|Any CPU.ActiveCfg = Debug|Any CPU
		{86499D8E-2C4C-4327-BA85-F512EACD6D83}.Debug|Any CPU.Build.0 = Debug|Any CPU
		{86499D8E-2C4C-4327-BA85-F512EACD6D83}.Release|Any CPU.ActiveCfg = Release|Any CPU
		{86499D8E-2C4C-4327-BA85-F512EACD6D83}.Release|Any CPU.Build.0 = Release|Any CPU
		{1C6BCEA8-2892-4A5F-BD13-F3AA276B2386}.Debug|Any CPU.ActiveCfg = Debug|Any CPU
		{1C6BCEA8-2892-4A5F-BD13-F3AA276B2386}.Debug|Any CPU.Build.0 = Debug|Any CPU
		{1C6BCEA8-2892-4A5F-BD13-F3AA276B2386}.Release|Any CPU.ActiveCfg = Release|Any CPU
		{1C6BCEA8-2892-4A5F-BD13-F3AA276B2386}.Release|Any CPU.Build.0 = Release|Any CPU
		{A336B59E-8308-43B0-9755-F209204A68C3}.Debug|Any CPU.ActiveCfg = Debug|Any CPU
		{A336B59E-8308-43B0-9755-F209204A68C3}.Debug|Any CPU.Build.0 = Debug|Any CPU
		{A336B59E-8308-43B0-9755-F209204A68C3}.Release|Any CPU.ActiveCfg = Release|Any CPU
		{A336B59E-8308-43B0-9755-F209204A68C3}.Release|Any CPU.Build.0 = Release|Any CPU
		{67DA6A80-6E64-4481-BD0B-E749851E8781}.Debug|Any CPU.ActiveCfg = Debug|Any CPU
		{67DA6A80-6E64-4481-BD0B-E749851E8781}.Debug|Any CPU.Build.0 = Debug|Any CPU
		{67DA6A80-6E64-4481-BD0B-E749851E8781}.Release|Any CPU.ActiveCfg = Release|Any CPU
		{67DA6A80-6E64-4481-BD0B-E749851E8781}.Release|Any CPU.Build.0 = Release|Any CPU
		{06C7A3B4-E0C2-471C-B4C0-629DC86FA091}.Debug|Any CPU.ActiveCfg = Debug|Any CPU
		{06C7A3B4-E0C2-471C-B4C0-629DC86FA091}.Debug|Any CPU.Build.0 = Debug|Any CPU
		{06C7A3B4-E0C2-471C-B4C0-629DC86FA091}.Release|Any CPU.ActiveCfg = Release|Any CPU
		{06C7A3B4-E0C2-471C-B4C0-629DC86FA091}.Release|Any CPU.Build.0 = Release|Any CPU
		{78F9D6CC-83D7-4C72-AEB2-2549C4FF8E82}.Debug|Any CPU.ActiveCfg = Debug|Any CPU
		{78F9D6CC-83D7-4C72-AEB2-2549C4FF8E82}.Debug|Any CPU.Build.0 = Debug|Any CPU
		{78F9D6CC-83D7-4C72-AEB2-2549C4FF8E82}.Release|Any CPU.ActiveCfg = Release|Any CPU
		{78F9D6CC-83D7-4C72-AEB2-2549C4FF8E82}.Release|Any CPU.Build.0 = Release|Any CPU
		{B9FAC73E-BF6C-48CD-84BC-44B1FBFC66FB}.Debug|Any CPU.ActiveCfg = Debug|Any CPU
		{B9FAC73E-BF6C-48CD-84BC-44B1FBFC66FB}.Debug|Any CPU.Build.0 = Debug|Any CPU
		{B9FAC73E-BF6C-48CD-84BC-44B1FBFC66FB}.Release|Any CPU.ActiveCfg = Release|Any CPU
		{B9FAC73E-BF6C-48CD-84BC-44B1FBFC66FB}.Release|Any CPU.Build.0 = Release|Any CPU
		{EC02083A-3B17-40C6-A4A3-1EC0AF82287E}.Debug|Any CPU.ActiveCfg = Debug|Any CPU
		{EC02083A-3B17-40C6-A4A3-1EC0AF82287E}.Debug|Any CPU.Build.0 = Debug|Any CPU
		{EC02083A-3B17-40C6-A4A3-1EC0AF82287E}.Release|Any CPU.ActiveCfg = Release|Any CPU
		{EC02083A-3B17-40C6-A4A3-1EC0AF82287E}.Release|Any CPU.Build.0 = Release|Any CPU
		{2F70CCB5-FDE2-4EBD-87FB-BD3C8E101D87}.Debug|Any CPU.ActiveCfg = Debug|Any CPU
		{2F70CCB5-FDE2-4EBD-87FB-BD3C8E101D87}.Debug|Any CPU.Build.0 = Debug|Any CPU
		{2F70CCB5-FDE2-4EBD-87FB-BD3C8E101D87}.Release|Any CPU.ActiveCfg = Release|Any CPU
		{2F70CCB5-FDE2-4EBD-87FB-BD3C8E101D87}.Release|Any CPU.Build.0 = Release|Any CPU
		{BDA230D0-4383-4622-9478-3B5183AA77D4}.Debug|Any CPU.ActiveCfg = Debug|Any CPU
		{BDA230D0-4383-4622-9478-3B5183AA77D4}.Debug|Any CPU.Build.0 = Debug|Any CPU
		{BDA230D0-4383-4622-9478-3B5183AA77D4}.Release|Any CPU.ActiveCfg = Release|Any CPU
		{BDA230D0-4383-4622-9478-3B5183AA77D4}.Release|Any CPU.Build.0 = Release|Any CPU
		{869363DF-05A1-4B65-B7F3-803BA4669AD8}.Debug|Any CPU.ActiveCfg = Debug|Any CPU
		{869363DF-05A1-4B65-B7F3-803BA4669AD8}.Debug|Any CPU.Build.0 = Debug|Any CPU
		{869363DF-05A1-4B65-B7F3-803BA4669AD8}.Release|Any CPU.ActiveCfg = Release|Any CPU
		{869363DF-05A1-4B65-B7F3-803BA4669AD8}.Release|Any CPU.Build.0 = Release|Any CPU
		{FBFF8D1F-197D-454B-B310-3401FE9CDAD3}.Debug|Any CPU.ActiveCfg = Debug|Any CPU
		{FBFF8D1F-197D-454B-B310-3401FE9CDAD3}.Debug|Any CPU.Build.0 = Debug|Any CPU
		{FBFF8D1F-197D-454B-B310-3401FE9CDAD3}.Release|Any CPU.ActiveCfg = Release|Any CPU
		{FBFF8D1F-197D-454B-B310-3401FE9CDAD3}.Release|Any CPU.Build.0 = Release|Any CPU
		{077A4B59-9A07-4899-A528-426825D828A5}.Debug|Any CPU.ActiveCfg = Debug|Any CPU
		{077A4B59-9A07-4899-A528-426825D828A5}.Debug|Any CPU.Build.0 = Debug|Any CPU
		{077A4B59-9A07-4899-A528-426825D828A5}.Release|Any CPU.ActiveCfg = Release|Any CPU
		{077A4B59-9A07-4899-A528-426825D828A5}.Release|Any CPU.Build.0 = Release|Any CPU
		{B632EA97-623B-457D-B266-6375E7C2F13C}.Debug|Any CPU.ActiveCfg = Debug|Any CPU
		{B632EA97-623B-457D-B266-6375E7C2F13C}.Debug|Any CPU.Build.0 = Debug|Any CPU
		{B632EA97-623B-457D-B266-6375E7C2F13C}.Release|Any CPU.ActiveCfg = Release|Any CPU
		{B632EA97-623B-457D-B266-6375E7C2F13C}.Release|Any CPU.Build.0 = Release|Any CPU
		{69DF3D1B-4D78-4AFF-8CB0-7B58E84C63A0}.Debug|Any CPU.ActiveCfg = Debug|Any CPU
		{69DF3D1B-4D78-4AFF-8CB0-7B58E84C63A0}.Debug|Any CPU.Build.0 = Debug|Any CPU
		{69DF3D1B-4D78-4AFF-8CB0-7B58E84C63A0}.Release|Any CPU.ActiveCfg = Release|Any CPU
		{69DF3D1B-4D78-4AFF-8CB0-7B58E84C63A0}.Release|Any CPU.Build.0 = Release|Any CPU
		{D7CDF3EC-F90B-4E89-8893-8C89368C39D1}.Debug|Any CPU.ActiveCfg = Debug|Any CPU
		{D7CDF3EC-F90B-4E89-8893-8C89368C39D1}.Debug|Any CPU.Build.0 = Debug|Any CPU
		{D7CDF3EC-F90B-4E89-8893-8C89368C39D1}.Release|Any CPU.ActiveCfg = Release|Any CPU
		{D7CDF3EC-F90B-4E89-8893-8C89368C39D1}.Release|Any CPU.Build.0 = Release|Any CPU
		{B41585AE-5E10-4921-B326-401BAE0DC15C}.Debug|Any CPU.ActiveCfg = Debug|Any CPU
		{B41585AE-5E10-4921-B326-401BAE0DC15C}.Debug|Any CPU.Build.0 = Debug|Any CPU
		{B41585AE-5E10-4921-B326-401BAE0DC15C}.Release|Any CPU.ActiveCfg = Release|Any CPU
		{B41585AE-5E10-4921-B326-401BAE0DC15C}.Release|Any CPU.Build.0 = Release|Any CPU
		{4B1B1F13-547F-4B06-81F2-558FB08450D7}.Debug|Any CPU.ActiveCfg = Debug|Any CPU
		{4B1B1F13-547F-4B06-81F2-558FB08450D7}.Debug|Any CPU.Build.0 = Debug|Any CPU
		{4B1B1F13-547F-4B06-81F2-558FB08450D7}.Release|Any CPU.ActiveCfg = Release|Any CPU
		{4B1B1F13-547F-4B06-81F2-558FB08450D7}.Release|Any CPU.Build.0 = Release|Any CPU
	EndGlobalSection
	GlobalSection(SolutionProperties) = preSolution
		HideSolutionNode = FALSE
	EndGlobalSection
	GlobalSection(NestedProjects) = preSolution
		{9E1F627D-FAFA-4478-A66E-478AC58E460F} = {BEA56A94-46FB-45FB-B394-53E96A198272}
		{E1C9EE02-3467-4879-87A5-69EE5680171B} = {BEA56A94-46FB-45FB-B394-53E96A198272}
		{62A55332-48AE-4AB3-AA0F-8CED1EDBC64F} = {BEA56A94-46FB-45FB-B394-53E96A198272}
		{4D05EABC-DDCE-48C2-905F-50CFB7214CF9} = {BEA56A94-46FB-45FB-B394-53E96A198272}
		{86499D8E-2C4C-4327-BA85-F512EACD6D83} = {E1C9EE02-3467-4879-87A5-69EE5680171B}
		{98816EC0-B27C-491A-BA25-E63321D2C2E7} = {9E1F627D-FAFA-4478-A66E-478AC58E460F}
		{3E7CB739-463E-4538-A276-79BD41CAC920} = {9E1F627D-FAFA-4478-A66E-478AC58E460F}
		{1C6BCEA8-2892-4A5F-BD13-F3AA276B2386} = {98816EC0-B27C-491A-BA25-E63321D2C2E7}
		{A336B59E-8308-43B0-9755-F209204A68C3} = {E1C9EE02-3467-4879-87A5-69EE5680171B}
		{67DA6A80-6E64-4481-BD0B-E749851E8781} = {E1C9EE02-3467-4879-87A5-69EE5680171B}
		{06C7A3B4-E0C2-471C-B4C0-629DC86FA091} = {E1C9EE02-3467-4879-87A5-69EE5680171B}
		{3C99AD81-F09C-4AEA-8EC1-A632C90B705A} = {9E1F627D-FAFA-4478-A66E-478AC58E460F}
		{78F9D6CC-83D7-4C72-AEB2-2549C4FF8E82} = {3C99AD81-F09C-4AEA-8EC1-A632C90B705A}
		{8A4DEA37-55BA-44F1-86B5-4BF522EFE382} = {9E1F627D-FAFA-4478-A66E-478AC58E460F}
		{EC02083A-3B17-40C6-A4A3-1EC0AF82287E} = {8A4DEA37-55BA-44F1-86B5-4BF522EFE382}
		{2F70CCB5-FDE2-4EBD-87FB-BD3C8E101D87} = {E1C9EE02-3467-4879-87A5-69EE5680171B}
		{BDA230D0-4383-4622-9478-3B5183AA77D4} = {E1C9EE02-3467-4879-87A5-69EE5680171B}
		{869363DF-05A1-4B65-B7F3-803BA4669AD8} = {E1C9EE02-3467-4879-87A5-69EE5680171B}
		{FBFF8D1F-197D-454B-B310-3401FE9CDAD3} = {62A55332-48AE-4AB3-AA0F-8CED1EDBC64F}
		{6856CBF9-6FB2-4DD1-A5F0-1DFFB331D467} = {9E1F627D-FAFA-4478-A66E-478AC58E460F}
		{077A4B59-9A07-4899-A528-426825D828A5} = {6856CBF9-6FB2-4DD1-A5F0-1DFFB331D467}
		{B632EA97-623B-457D-B266-6375E7C2F13C} = {3C99AD81-F09C-4AEA-8EC1-A632C90B705A}
		{69DF3D1B-4D78-4AFF-8CB0-7B58E84C63A0} = {3C99AD81-F09C-4AEA-8EC1-A632C90B705A}
		{D7CDF3EC-F90B-4E89-8893-8C89368C39D1} = {3C99AD81-F09C-4AEA-8EC1-A632C90B705A}
		{B41585AE-5E10-4921-B326-401BAE0DC15C} = {62A55332-48AE-4AB3-AA0F-8CED1EDBC64F}
		{4B1B1F13-547F-4B06-81F2-558FB08450D7} = {62A55332-48AE-4AB3-AA0F-8CED1EDBC64F}
	EndGlobalSection
	GlobalSection(ExtensibilityGlobals) = postSolution
		SolutionGuid = {45E9873A-6D04-46BD-9631-9E49CC323C6D}
	EndGlobalSection
EndGlobal
